
Microsoft Visual Studio Solution File, Format Version 12.00
# Visual Studio Version 17
VisualStudioVersion = 17.0.31903.59
MinimumVisualStudioVersion = 10.0.40219.1
Project("{FAE04EC0-301F-11D3-BF4B-00C04F79EFBC}") = "API", "API\API.csproj", "{3CFA22AD-B5FE-457E-89BF-4098E5224576}"
EndProject
Project("{FAE04EC0-301F-11D3-BF4B-00C04F79EFBC}") = "Core", "Core\Core.csproj", "{70C7F8C4-5C98-4B10-828D-9CE0A9022255}"
EndProject
Project("{FAE04EC0-301F-11D3-BF4B-00C04F79EFBC}") = "Infrastructure", "Infrastructure\Infrastructure.csproj", "{6378DD91-A5B3-4A21-BA31-4CF505639B37}"
EndProject
Global
	GlobalSection(SolutionConfigurationPlatforms) = preSolution
		Debug|Any CPU = Debug|Any CPU
		Release|Any CPU = Release|Any CPU
	EndGlobalSection
	GlobalSection(SolutionProperties) = preSolution
		HideSolutionNode = FALSE
	EndGlobalSection
	GlobalSection(ProjectConfigurationPlatforms) = postSolution
		{3CFA22AD-B5FE-457E-89BF-4098E5224576}.Debug|Any CPU.ActiveCfg = Debug|Any CPU
		{3CFA22AD-B5FE-457E-89BF-4098E5224576}.Debug|Any CPU.Build.0 = Debug|Any CPU
		{3CFA22AD-B5FE-457E-89BF-4098E5224576}.Release|Any CPU.ActiveCfg = Release|Any CPU
		{3CFA22AD-B5FE-457E-89BF-4098E5224576}.Release|Any CPU.Build.0 = Release|Any CPU
		{70C7F8C4-5C98-4B10-828D-9CE0A9022255}.Debug|Any CPU.ActiveCfg = Debug|Any CPU
		{70C7F8C4-5C98-4B10-828D-9CE0A9022255}.Debug|Any CPU.Build.0 = Debug|Any CPU
		{70C7F8C4-5C98-4B10-828D-9CE0A9022255}.Release|Any CPU.ActiveCfg = Release|Any CPU
		{70C7F8C4-5C98-4B10-828D-9CE0A9022255}.Release|Any CPU.Build.0 = Release|Any CPU
		{6378DD91-A5B3-4A21-BA31-4CF505639B37}.Debug|Any CPU.ActiveCfg = Debug|Any CPU
		{6378DD91-A5B3-4A21-BA31-4CF505639B37}.Debug|Any CPU.Build.0 = Debug|Any CPU
		{6378DD91-A5B3-4A21-BA31-4CF505639B37}.Release|Any CPU.ActiveCfg = Release|Any CPU
		{6378DD91-A5B3-4A21-BA31-4CF505639B37}.Release|Any CPU.Build.0 = Release|Any CPU
	EndGlobalSection
EndGlobal
